{
  "version": 4,
  "terraform_version": "1.4.6",
  "serial": 16,
  "lineage": "2e088241-cbe2-8a31-32c1-46bc3ed6d252",
  "outputs": {
    "dynamo_state_table": {
      "value": "nginx-terraform-project-tfstate",
      "type": "string"
    },
    "kms_key_id": {
      "value": "c3d9f3be-f222-448c-8416-f65bb91f251c",
      "type": "string"
    },
    "s3_state_bucket": {
      "value": "tf-remote-state20230526152150449800000001",
      "type": "string"
    }
  },
  "resources": [
    {
      "module": "module.remote-state-s3-backend",
      "mode": "data",
      "type": "aws_iam_policy_document",
      "name": "state_force_ssl",
      "provider": "provider[\"registry.terraform.io/hashicorp/aws\"]",
      "instances": [
        {
          "schema_version": 0,
          "attributes": {
            "id": "683031831",
            "json": "{\n  \"Version\": \"2012-10-17\",\n  \"Statement\": [\n    {\n      \"Sid\": \"AllowSSLRequestsOnly\",\n      \"Effect\": \"Deny\",\n      \"Action\": \"s3:*\",\n      \"Resource\": [\n        \"arn:aws:s3:::tf-remote-state20230526152150449800000001/*\",\n        \"arn:aws:s3:::tf-remote-state20230526152150449800000001\"\n      ],\n      \"Principal\": \"*\",\n      \"Condition\": {\n        \"Bool\": {\n          \"aws:SecureTransport\": \"false\"\n        }\n      }\n    }\n  ]\n}",
            "override_json": null,
            "override_policy_documents": null,
            "policy_id": null,
            "source_json": null,
            "source_policy_documents": null,
            "statement": [
              {
                "actions": [
                  "s3:*"
                ],
                "condition": [
                  {
                    "test": "Bool",
                    "values": [
                      "false"
                    ],
                    "variable": "aws:SecureTransport"
                  }
                ],
                "effect": "Deny",
                "not_actions": [],
                "not_principals": [],
                "not_resources": [],
                "principals": [
                  {
                    "identifiers": [
                      "*"
                    ],
                    "type": "*"
                  }
                ],
                "resources": [
                  "arn:aws:s3:::tf-remote-state20230526152150449800000001",
                  "arn:aws:s3:::tf-remote-state20230526152150449800000001/*"
                ],
                "sid": "AllowSSLRequestsOnly"
              }
            ],
            "version": "2012-10-17"
          },
          "sensitive_attributes": []
        }
      ]
    },
    {
      "module": "module.remote-state-s3-backend",
      "mode": "data",
      "type": "aws_region",
      "name": "state",
      "provider": "provider[\"registry.terraform.io/hashicorp/aws\"]",
      "instances": [
        {
          "schema_version": 0,
          "attributes": {
            "description": "Europe (London)",
            "endpoint": "ec2.eu-west-2.amazonaws.com",
            "id": "eu-west-2",
            "name": "eu-west-2"
          },
          "sensitive_attributes": []
        }
      ]
    },
    {
      "module": "module.remote-state-s3-backend",
      "mode": "managed",
      "type": "aws_dynamodb_table",
      "name": "lock",
      "provider": "provider[\"registry.terraform.io/hashicorp/aws\"]",
      "instances": [
        {
          "schema_version": 1,
          "attributes": {
            "arn": "arn:aws:dynamodb:eu-west-2:751275925833:table/nginx-terraform-project-tfstate",
            "attribute": [
              {
                "name": "LockID",
                "type": "S"
              }
            ],
            "billing_mode": "PAY_PER_REQUEST",
            "deletion_protection_enabled": false,
            "global_secondary_index": [],
            "hash_key": "LockID",
            "id": "nginx-terraform-project-tfstate",
            "local_secondary_index": [],
            "name": "nginx-terraform-project-tfstate",
            "point_in_time_recovery": [
              {
                "enabled": true
              }
            ],
            "range_key": null,
            "read_capacity": 0,
            "replica": [],
            "restore_date_time": null,
            "restore_source_name": null,
            "restore_to_latest_time": null,
            "server_side_encryption": [],
            "stream_arn": "",
            "stream_enabled": false,
            "stream_label": "",
            "stream_view_type": "",
            "table_class": "STANDARD",
            "tags": {
              "Terraform": "true"
            },
            "tags_all": {
              "Terraform": "true"
            },
            "timeouts": null,
            "ttl": [
              {
                "attribute_name": "",
                "enabled": false
              }
            ],
            "write_capacity": 0
          },
          "sensitive_attributes": [],
          "private": "eyJlMmJmYjczMC1lY2FhLTExZTYtOGY4OC0zNDM2M2JjN2M0YzAiOnsiY3JlYXRlIjoxODAwMDAwMDAwMDAwLCJkZWxldGUiOjYwMDAwMDAwMDAwMCwidXBkYXRlIjozNjAwMDAwMDAwMDAwfSwic2NoZW1hX3ZlcnNpb24iOiIxIn0=",
          "dependencies": [
            "module.remote-state-s3-backend.aws_kms_key.replica",
            "module.remote-state-s3-backend.aws_kms_key.this",
            "module.remote-state-s3-backend.data.aws_region.replica"
          ]
        }
      ]
    },
    {
      "module": "module.remote-state-s3-backend",
      "mode": "managed",
      "type": "aws_iam_policy",
      "name": "terraform",
      "provider": "provider[\"registry.terraform.io/hashicorp/aws\"]",
      "instances": [
        {
          "index_key": 0,
          "schema_version": 0,
          "attributes": {
            "arn": "arn:aws:iam::751275925833:policy/terraform20230526152207443600000002",
            "description": "",
            "id": "arn:aws:iam::751275925833:policy/terraform20230526152207443600000002",
            "name": "terraform20230526152207443600000002",
            "name_prefix": "terraform",
            "path": "/",
            "policy": "{\"Statement\":[{\"Action\":[\"s3:ListBucket\",\"s3:GetBucketVersioning\"],\"Effect\":\"Allow\",\"Resource\":\"arn:aws:s3:::tf-remote-state20230526152150449800000001\"},{\"Action\":[\"s3:GetObject\",\"s3:PutObject\"],\"Effect\":\"Allow\",\"Resource\":\"arn:aws:s3:::tf-remote-state20230526152150449800000001/*\"},{\"Action\":[\"dynamodb:GetItem\",\"dynamodb:PutItem\",\"dynamodb:DeleteItem\",\"dynamodb:DescribeTable\"],\"Effect\":\"Allow\",\"Resource\":\"arn:aws:dynamodb:eu-west-2:751275925833:table/nginx-terraform-project-tfstate\"},{\"Action\":[\"kms:ListKeys\"],\"Effect\":\"Allow\",\"Resource\":\"*\"},{\"Action\":[\"kms:Encrypt\",\"kms:Decrypt\",\"kms:DescribeKey\",\"kms:GenerateDataKey\"],\"Effect\":\"Allow\",\"Resource\":\"arn:aws:kms:eu-west-2:751275925833:key/c3d9f3be-f222-448c-8416-f65bb91f251c\"}],\"Version\":\"2012-10-17\"}",
            "policy_id": "ANPA2524I4FE2YITQJ5HZ",
            "tags": {
              "Terraform": "true"
            },
            "tags_all": {
              "Terraform": "true"
            }
          },
          "sensitive_attributes": [],
          "private": "bnVsbA==",
          "dependencies": [
            "module.remote-state-s3-backend.aws_dynamodb_table.lock",
            "module.remote-state-s3-backend.aws_kms_key.replica",
            "module.remote-state-s3-backend.aws_kms_key.this",
            "module.remote-state-s3-backend.aws_s3_bucket.state",
            "module.remote-state-s3-backend.data.aws_region.replica"
          ]
        }
      ]
    },
    {
      "module": "module.remote-state-s3-backend",
      "mode": "managed",
      "type": "aws_kms_alias",
      "name": "this",
      "provider": "provider[\"registry.terraform.io/hashicorp/aws\"]",
      "instances": [
        {
          "schema_version": 0,
          "attributes": {
            "arn": "arn:aws:kms:eu-west-2:751275925833:alias/tf-remote-state-key",
            "id": "alias/tf-remote-state-key",
            "name": "alias/tf-remote-state-key",
            "name_prefix": "",
            "target_key_arn": "arn:aws:kms:eu-west-2:751275925833:key/c3d9f3be-f222-448c-8416-f65bb91f251c",
            "target_key_id": "c3d9f3be-f222-448c-8416-f65bb91f251c"
          },
          "sensitive_attributes": [],
          "private": "bnVsbA==",
          "dependencies": [
            "module.remote-state-s3-backend.aws_kms_key.this"
          ]
        }
      ]
    },
    {
      "module": "module.remote-state-s3-backend",
      "mode": "managed",
      "type": "aws_kms_key",
      "name": "this",
      "provider": "provider[\"registry.terraform.io/hashicorp/aws\"]",
      "instances": [
        {
          "schema_version": 0,
          "attributes": {
            "arn": "arn:aws:kms:eu-west-2:751275925833:key/c3d9f3be-f222-448c-8416-f65bb91f251c",
            "bypass_policy_lockout_safety_check": false,
            "custom_key_store_id": "",
            "customer_master_key_spec": "SYMMETRIC_DEFAULT",
            "deletion_window_in_days": 30,
            "description": "The key used to encrypt the remote state bucket.",
            "enable_key_rotation": true,
            "id": "c3d9f3be-f222-448c-8416-f65bb91f251c",
            "is_enabled": true,
            "key_id": "c3d9f3be-f222-448c-8416-f65bb91f251c",
            "key_usage": "ENCRYPT_DECRYPT",
            "multi_region": false,
            "policy": "{\"Id\":\"key-default-1\",\"Statement\":[{\"Action\":\"kms:*\",\"Effect\":\"Allow\",\"Principal\":{\"AWS\":\"arn:aws:iam::751275925833:root\"},\"Resource\":\"*\",\"Sid\":\"Enable IAM User Permissions\"}],\"Version\":\"2012-10-17\"}",
            "tags": {
              "Terraform": "true"
            },
            "tags_all": {
              "Terraform": "true"
            }
          },
          "sensitive_attributes": [],
          "private": "bnVsbA=="
        }
      ]
    },
    {
      "module": "module.remote-state-s3-backend",
      "mode": "managed",
      "type": "aws_s3_bucket",
      "name": "state",
      "provider": "provider[\"registry.terraform.io/hashicorp/aws\"]",
      "instances": [
        {
          "schema_version": 0,
          "attributes": {
            "acceleration_status": "",
            "acl": null,
            "arn": "arn:aws:s3:::tf-remote-state20230526152150449800000001",
            "bucket": "tf-remote-state20230526152150449800000001",
            "bucket_domain_name": "tf-remote-state20230526152150449800000001.s3.amazonaws.com",
            "bucket_prefix": "tf-remote-state",
            "bucket_regional_domain_name": "tf-remote-state20230526152150449800000001.s3.eu-west-2.amazonaws.com",
            "cors_rule": [],
            "force_destroy": false,
            "grant": [
              {
                "id": "7e318e21b68f4c9c246301e6c99aae4c054ba336ae2e1a75192057a4d1fa6fca",
                "permissions": [
                  "FULL_CONTROL"
                ],
                "type": "CanonicalUser",
                "uri": ""
              }
            ],
            "hosted_zone_id": "Z3GKZC51ZF0DB4",
            "id": "tf-remote-state20230526152150449800000001",
            "lifecycle_rule": [
              {
                "abort_incomplete_multipart_upload_days": 0,
                "enabled": true,
                "expiration": [],
                "id": "auto-archive",
                "noncurrent_version_expiration": [],
                "noncurrent_version_transition": [
                  {
                    "days": 7,
                    "storage_class": "GLACIER"
                  }
                ],
                "prefix": "",
                "tags": {},
                "transition": []
              }
            ],
            "logging": [],
            "object_lock_configuration": [],
            "object_lock_enabled": false,
            "policy": "{\"Statement\":[{\"Action\":\"s3:*\",\"Condition\":{\"Bool\":{\"aws:SecureTransport\":\"false\"}},\"Effect\":\"Deny\",\"Principal\":\"*\",\"Resource\":[\"arn:aws:s3:::tf-remote-state20230526152150449800000001/*\",\"arn:aws:s3:::tf-remote-state20230526152150449800000001\"],\"Sid\":\"AllowSSLRequestsOnly\"}],\"Version\":\"2012-10-17\"}",
            "region": "eu-west-2",
            "replication_configuration": [],
            "request_payer": "BucketOwner",
            "server_side_encryption_configuration": [
              {
                "rule": [
                  {
                    "apply_server_side_encryption_by_default": [
                      {
                        "kms_master_key_id": "arn:aws:kms:eu-west-2:751275925833:key/c3d9f3be-f222-448c-8416-f65bb91f251c",
                        "sse_algorithm": "aws:kms"
                      }
                    ],
                    "bucket_key_enabled": false
                  }
                ]
              }
            ],
            "tags": {
              "Terraform": "true"
            },
            "tags_all": {
              "Terraform": "true"
            },
            "timeouts": null,
            "versioning": [
              {
                "enabled": true,
                "mfa_delete": false
              }
            ],
            "website": [],
            "website_domain": null,
            "website_endpoint": null
          },
          "sensitive_attributes": [],
          "private": "eyJlMmJmYjczMC1lY2FhLTExZTYtOGY4OC0zNDM2M2JjN2M0YzAiOnsiY3JlYXRlIjoxMjAwMDAwMDAwMDAwLCJkZWxldGUiOjM2MDAwMDAwMDAwMDAsInJlYWQiOjEyMDAwMDAwMDAwMDAsInVwZGF0ZSI6MTIwMDAwMDAwMDAwMH19"
        }
      ]
    },
    {
      "module": "module.remote-state-s3-backend",
      "mode": "managed",
      "type": "aws_s3_bucket_acl",
      "name": "state",
      "provider": "provider[\"registry.terraform.io/hashicorp/aws\"]",
      "instances": [
        {
          "schema_version": 0,
          "attributes": {
            "access_control_policy": [
              {
                "grant": [
                  {
                    "grantee": [
                      {
                        "display_name": "",
                        "email_address": "",
                        "id": "7e318e21b68f4c9c246301e6c99aae4c054ba336ae2e1a75192057a4d1fa6fca",
                        "type": "CanonicalUser",
                        "uri": ""
                      }
                    ],
                    "permission": "FULL_CONTROL"
                  }
                ],
                "owner": [
                  {
                    "display_name": "",
                    "id": "7e318e21b68f4c9c246301e6c99aae4c054ba336ae2e1a75192057a4d1fa6fca"
                  }
                ]
              }
            ],
            "acl": "private",
            "bucket": "tf-remote-state20230526152150449800000001",
            "expected_bucket_owner": "",
            "id": "tf-remote-state20230526152150449800000001,private"
          },
          "sensitive_attributes": [],
          "private": "bnVsbA==",
          "dependencies": [
            "module.remote-state-s3-backend.aws_s3_bucket.state",
            "module.remote-state-s3-backend.aws_s3_bucket_ownership_controls.state"
          ]
        }
      ]
    },
    {
      "module": "module.remote-state-s3-backend",
      "mode": "managed",
      "type": "aws_s3_bucket_lifecycle_configuration",
      "name": "state",
      "provider": "provider[\"registry.terraform.io/hashicorp/aws\"]",
      "instances": [
        {
          "index_key": 0,
          "schema_version": 0,
          "attributes": {
            "bucket": "tf-remote-state20230526152150449800000001",
            "expected_bucket_owner": "",
            "id": "tf-remote-state20230526152150449800000001",
            "rule": [
              {
                "abort_incomplete_multipart_upload": [],
                "expiration": [],
                "filter": [
                  {
                    "and": [],
                    "object_size_greater_than": "",
                    "object_size_less_than": "",
                    "prefix": "",
                    "tag": []
                  }
                ],
                "id": "auto-archive",
                "noncurrent_version_expiration": [],
                "noncurrent_version_transition": [
                  {
                    "newer_noncurrent_versions": "",
                    "noncurrent_days": 7,
                    "storage_class": "GLACIER"
                  }
                ],
                "prefix": "",
                "status": "Enabled",
                "transition": []
              }
            ]
          },
          "sensitive_attributes": [],
          "private": "bnVsbA==",
          "dependencies": [
            "module.remote-state-s3-backend.aws_s3_bucket.state"
          ]
        }
      ]
    },
    {
      "module": "module.remote-state-s3-backend",
      "mode": "managed",
      "type": "aws_s3_bucket_ownership_controls",
      "name": "state",
      "provider": "provider[\"registry.terraform.io/hashicorp/aws\"]",
      "instances": [
        {
          "schema_version": 0,
          "attributes": {
            "bucket": "tf-remote-state20230526152150449800000001",
            "id": "tf-remote-state20230526152150449800000001",
            "rule": [
              {
                "object_ownership": "BucketOwnerPreferred"
              }
            ]
          },
          "sensitive_attributes": [],
          "private": "bnVsbA==",
          "dependencies": [
            "module.remote-state-s3-backend.aws_s3_bucket.state"
          ]
        }
      ]
    },
    {
      "module": "module.remote-state-s3-backend",
      "mode": "managed",
      "type": "aws_s3_bucket_policy",
      "name": "state_force_ssl",
      "provider": "provider[\"registry.terraform.io/hashicorp/aws\"]",
      "instances": [
        {
          "schema_version": 0,
          "attributes": {
            "bucket": "tf-remote-state20230526152150449800000001",
            "id": "tf-remote-state20230526152150449800000001",
            "policy": "{\"Statement\":[{\"Action\":\"s3:*\",\"Condition\":{\"Bool\":{\"aws:SecureTransport\":\"false\"}},\"Effect\":\"Deny\",\"Principal\":\"*\",\"Resource\":[\"arn:aws:s3:::tf-remote-state20230526152150449800000001/*\",\"arn:aws:s3:::tf-remote-state20230526152150449800000001\"],\"Sid\":\"AllowSSLRequestsOnly\"}],\"Version\":\"2012-10-17\"}"
          },
          "sensitive_attributes": [],
          "private": "bnVsbA==",
          "dependencies": [
            "module.remote-state-s3-backend.aws_s3_bucket.state",
            "module.remote-state-s3-backend.aws_s3_bucket_public_access_block.state",
            "module.remote-state-s3-backend.data.aws_iam_policy_document.state_force_ssl"
          ]
        }
      ]
    },
    {
      "module": "module.remote-state-s3-backend",
      "mode": "managed",
      "type": "aws_s3_bucket_public_access_block",
      "name": "state",
      "provider": "provider[\"registry.terraform.io/hashicorp/aws\"]",
      "instances": [
        {
          "schema_version": 0,
          "attributes": {
            "block_public_acls": true,
            "block_public_policy": true,
            "bucket": "tf-remote-state20230526152150449800000001",
            "id": "tf-remote-state20230526152150449800000001",
            "ignore_public_acls": true,
            "restrict_public_buckets": true
          },
          "sensitive_attributes": [],
          "private": "bnVsbA==",
          "dependencies": [
            "module.remote-state-s3-backend.aws_s3_bucket.state"
          ]
        }
      ]
    },
    {
      "module": "module.remote-state-s3-backend",
      "mode": "managed",
      "type": "aws_s3_bucket_server_side_encryption_configuration",
      "name": "state",
      "provider": "provider[\"registry.terraform.io/hashicorp/aws\"]",
      "instances": [
        {
          "schema_version": 0,
          "attributes": {
            "bucket": "tf-remote-state20230526152150449800000001",
            "expected_bucket_owner": "",
            "id": "tf-remote-state20230526152150449800000001",
            "rule": [
              {
                "apply_server_side_encryption_by_default": [
                  {
                    "kms_master_key_id": "arn:aws:kms:eu-west-2:751275925833:key/c3d9f3be-f222-448c-8416-f65bb91f251c",
                    "sse_algorithm": "aws:kms"
                  }
                ],
                "bucket_key_enabled": false
              }
            ]
          },
          "sensitive_attributes": [],
          "private": "bnVsbA==",
          "dependencies": [
            "module.remote-state-s3-backend.aws_kms_key.this",
            "module.remote-state-s3-backend.aws_s3_bucket.state"
          ]
        }
      ]
    },
    {
      "module": "module.remote-state-s3-backend",
      "mode": "managed",
      "type": "aws_s3_bucket_versioning",
      "name": "state",
      "provider": "provider[\"registry.terraform.io/hashicorp/aws\"]",
      "instances": [
        {
          "schema_version": 0,
          "attributes": {
            "bucket": "tf-remote-state20230526152150449800000001",
            "expected_bucket_owner": "",
            "id": "tf-remote-state20230526152150449800000001",
            "mfa": null,
            "versioning_configuration": [
              {
                "mfa_delete": "",
                "status": "Enabled"
              }
            ]
          },
          "sensitive_attributes": [],
          "private": "bnVsbA==",
          "dependencies": [
            "module.remote-state-s3-backend.aws_s3_bucket.state"
          ]
        }
      ]
    }
  ],
  "check_results": null
}
